// !$*UTF8*$!
{
	archiveVersion = 1;
	classes = {
	};
	objectVersion = 46;
	objects = {

/* Begin PBXBuildFile section */
		C30255541C2267E300E08A16 /* libSMTH_0.2.3.a in Frameworks */ = {isa = PBXBuildFile; fileRef = C30255511C2267E300E08A16 /* libSMTH_0.2.3.a */; settings = {ASSET_TAGS = (); }; };
		C30255571C2267FE00E08A16 /* client_signature.m in Sources */ = {isa = PBXBuildFile; fileRef = C30255561C2267FE00E08A16 /* client_signature.m */; settings = {ASSET_TAGS = (); }; };
		C30624081C2D47E500A02FC9 /* ArticleListTableViewCell.m in Sources */ = {isa = PBXBuildFile; fileRef = C30624071C2D47E500A02FC9 /* ArticleListTableViewCell.m */; settings = {ASSET_TAGS = (); }; };
		C306240B1C2D96AD00A02FC9 /* ArticleListTableViewController.m in Sources */ = {isa = PBXBuildFile; fileRef = C306240A1C2D96AD00A02FC9 /* ArticleListTableViewController.m */; settings = {ASSET_TAGS = (); }; };
		C31C95531C32226200140F5D /* BoardListTableViewController.m in Sources */ = {isa = PBXBuildFile; fileRef = C31C95521C32226200140F5D /* BoardListTableViewController.m */; settings = {ASSET_TAGS = (); }; };
		C31CD9461C23B0E500C7A946 /* MJRefreshAutoFooter.m in Sources */ = {isa = PBXBuildFile; fileRef = C31CD91C1C23B0E500C7A946 /* MJRefreshAutoFooter.m */; settings = {ASSET_TAGS = (); }; };
		C31CD9471C23B0E500C7A946 /* MJRefreshBackFooter.m in Sources */ = {isa = PBXBuildFile; fileRef = C31CD91E1C23B0E500C7A946 /* MJRefreshBackFooter.m */; settings = {ASSET_TAGS = (); }; };
		C31CD9481C23B0E500C7A946 /* MJRefreshComponent.m in Sources */ = {isa = PBXBuildFile; fileRef = C31CD9201C23B0E500C7A946 /* MJRefreshComponent.m */; settings = {ASSET_TAGS = (); }; };
		C31CD9491C23B0E500C7A946 /* MJRefreshFooter.m in Sources */ = {isa = PBXBuildFile; fileRef = C31CD9221C23B0E500C7A946 /* MJRefreshFooter.m */; settings = {ASSET_TAGS = (); }; };
		C31CD94A1C23B0E500C7A946 /* MJRefreshHeader.m in Sources */ = {isa = PBXBuildFile; fileRef = C31CD9241C23B0E500C7A946 /* MJRefreshHeader.m */; settings = {ASSET_TAGS = (); }; };
		C31CD94B1C23B0E500C7A946 /* MJRefreshAutoGifFooter.m in Sources */ = {isa = PBXBuildFile; fileRef = C31CD9291C23B0E500C7A946 /* MJRefreshAutoGifFooter.m */; settings = {ASSET_TAGS = (); }; };
		C31CD94C1C23B0E500C7A946 /* MJRefreshAutoNormalFooter.m in Sources */ = {isa = PBXBuildFile; fileRef = C31CD92B1C23B0E500C7A946 /* MJRefreshAutoNormalFooter.m */; settings = {ASSET_TAGS = (); }; };
		C31CD94D1C23B0E500C7A946 /* MJRefreshAutoStateFooter.m in Sources */ = {isa = PBXBuildFile; fileRef = C31CD92D1C23B0E500C7A946 /* MJRefreshAutoStateFooter.m */; settings = {ASSET_TAGS = (); }; };
		C31CD94E1C23B0E500C7A946 /* MJRefreshBackGifFooter.m in Sources */ = {isa = PBXBuildFile; fileRef = C31CD9301C23B0E500C7A946 /* MJRefreshBackGifFooter.m */; settings = {ASSET_TAGS = (); }; };
		C31CD94F1C23B0E500C7A946 /* MJRefreshBackNormalFooter.m in Sources */ = {isa = PBXBuildFile; fileRef = C31CD9321C23B0E500C7A946 /* MJRefreshBackNormalFooter.m */; settings = {ASSET_TAGS = (); }; };
		C31CD9501C23B0E500C7A946 /* MJRefreshBackStateFooter.m in Sources */ = {isa = PBXBuildFile; fileRef = C31CD9341C23B0E500C7A946 /* MJRefreshBackStateFooter.m */; settings = {ASSET_TAGS = (); }; };
		C31CD9511C23B0E500C7A946 /* MJRefreshGifHeader.m in Sources */ = {isa = PBXBuildFile; fileRef = C31CD9371C23B0E500C7A946 /* MJRefreshGifHeader.m */; settings = {ASSET_TAGS = (); }; };
		C31CD9521C23B0E500C7A946 /* MJRefreshNormalHeader.m in Sources */ = {isa = PBXBuildFile; fileRef = C31CD9391C23B0E500C7A946 /* MJRefreshNormalHeader.m */; settings = {ASSET_TAGS = (); }; };
		C31CD9531C23B0E500C7A946 /* MJRefreshStateHeader.m in Sources */ = {isa = PBXBuildFile; fileRef = C31CD93B1C23B0E500C7A946 /* MJRefreshStateHeader.m */; settings = {ASSET_TAGS = (); }; };
		C31CD9541C23B0E500C7A946 /* MJRefresh.bundle in Resources */ = {isa = PBXBuildFile; fileRef = C31CD93C1C23B0E500C7A946 /* MJRefresh.bundle */; settings = {ASSET_TAGS = (); }; };
		C31CD9551C23B0E500C7A946 /* MJRefreshConst.m in Sources */ = {isa = PBXBuildFile; fileRef = C31CD93F1C23B0E500C7A946 /* MJRefreshConst.m */; settings = {ASSET_TAGS = (); }; };
		C31CD9561C23B0E500C7A946 /* UIScrollView+MJExtension.m in Sources */ = {isa = PBXBuildFile; fileRef = C31CD9411C23B0E500C7A946 /* UIScrollView+MJExtension.m */; settings = {ASSET_TAGS = (); }; };
		C31CD9571C23B0E500C7A946 /* UIScrollView+MJRefresh.m in Sources */ = {isa = PBXBuildFile; fileRef = C31CD9431C23B0E500C7A946 /* UIScrollView+MJRefresh.m */; settings = {ASSET_TAGS = (); }; };
		C31CD9581C23B0E500C7A946 /* UIView+MJExtension.m in Sources */ = {isa = PBXBuildFile; fileRef = C31CD9451C23B0E500C7A946 /* UIView+MJExtension.m */; settings = {ASSET_TAGS = (); }; };
		C31CD95B1C25B0B500C7A946 /* ArticleContentTableViewCell.m in Sources */ = {isa = PBXBuildFile; fileRef = C31CD95A1C25B0B500C7A946 /* ArticleContentTableViewCell.m */; settings = {ASSET_TAGS = (); }; };
		C31CD95F1C25B3A100C7A946 /* TTTAttributedLabel.m in Sources */ = {isa = PBXBuildFile; fileRef = C31CD95E1C25B3A100C7A946 /* TTTAttributedLabel.m */; settings = {ASSET_TAGS = (); }; };
		C31CD9621C27EE1200C7A946 /* ArticleContentTableViewController.m in Sources */ = {isa = PBXBuildFile; fileRef = C31CD9611C27EE1200C7A946 /* ArticleContentTableViewController.m */; settings = {ASSET_TAGS = (); }; };
		C336C0261C2286FB00467C5F /* HotTableViewController.m in Sources */ = {isa = PBXBuildFile; fileRef = C336C0251C2286FB00467C5F /* HotTableViewController.m */; settings = {ASSET_TAGS = (); }; };
		C336C0291C22878200467C5F /* HotTableViewCell.m in Sources */ = {isa = PBXBuildFile; fileRef = C336C0281C22878200467C5F /* HotTableViewCell.m */; settings = {ASSET_TAGS = (); }; };
		C387A15B1BEC90BC00AFC511 /* main.m in Sources */ = {isa = PBXBuildFile; fileRef = C387A15A1BEC90BC00AFC511 /* main.m */; };
		C387A15E1BEC90BC00AFC511 /* AppDelegate.m in Sources */ = {isa = PBXBuildFile; fileRef = C387A15D1BEC90BC00AFC511 /* AppDelegate.m */; };
		C387A1611BEC90BC00AFC511 /* ViewController.m in Sources */ = {isa = PBXBuildFile; fileRef = C387A1601BEC90BC00AFC511 /* ViewController.m */; };
		C387A1641BEC90BC00AFC511 /* Main.storyboard in Resources */ = {isa = PBXBuildFile; fileRef = C387A1621BEC90BC00AFC511 /* Main.storyboard */; };
		C387A1661BEC90BC00AFC511 /* Assets.xcassets in Resources */ = {isa = PBXBuildFile; fileRef = C387A1651BEC90BC00AFC511 /* Assets.xcassets */; };
		C387A1691BEC90BC00AFC511 /* LaunchScreen.storyboard in Resources */ = {isa = PBXBuildFile; fileRef = C387A1671BEC90BC00AFC511 /* LaunchScreen.storyboard */; };
		C387A1741BEC90BC00AFC511 /* cSMTHTests.m in Sources */ = {isa = PBXBuildFile; fileRef = C387A1731BEC90BC00AFC511 /* cSMTHTests.m */; };
		C387A17F1BEC90BC00AFC511 /* cSMTHUITests.m in Sources */ = {isa = PBXBuildFile; fileRef = C387A17E1BEC90BC00AFC511 /* cSMTHUITests.m */; };
		C3F477311C20160F0072592C /* LoginViewController.m in Sources */ = {isa = PBXBuildFile; fileRef = C3F477301C20160F0072592C /* LoginViewController.m */; settings = {ASSET_TAGS = (); }; };
/* End PBXBuildFile section */

/* Begin PBXContainerItemProxy section */
		C387A1701BEC90BC00AFC511 /* PBXContainerItemProxy */ = {
			isa = PBXContainerItemProxy;
			containerPortal = C387A14E1BEC90BC00AFC511 /* Project object */;
			proxyType = 1;
			remoteGlobalIDString = C387A1551BEC90BC00AFC511;
			remoteInfo = cSMTH;
		};
		C387A17B1BEC90BC00AFC511 /* PBXContainerItemProxy */ = {
			isa = PBXContainerItemProxy;
			containerPortal = C387A14E1BEC90BC00AFC511 /* Project object */;
			proxyType = 1;
			remoteGlobalIDString = C387A1551BEC90BC00AFC511;
			remoteInfo = cSMTH;
		};
/* End PBXContainerItemProxy section */

/* Begin PBXFileReference section */
		C30255511C2267E300E08A16 /* libSMTH_0.2.3.a */ = {isa = PBXFileReference; lastKnownFileType = archive.ar; path = libSMTH_0.2.3.a; sourceTree = "<group>"; };
		C30255521C2267E300E08A16 /* smth_netop.h */ = {isa = PBXFileReference; fileEncoding = 4; lastKnownFileType = sourcecode.c.h; path = smth_netop.h; sourceTree = "<group>"; };
		C30255531C2267E300E08A16 /* SMTHURLConnection.h */ = {isa = PBXFileReference; fileEncoding = 4; lastKnownFileType = sourcecode.c.h; path = SMTHURLConnection.h; sourceTree = "<group>"; };
		C30255551C2267FE00E08A16 /* client_signature.h */ = {isa = PBXFileReference; fileEncoding = 4; lastKnownFileType = sourcecode.c.h; name = client_signature.h; path = ../client_signature.h; sourceTree = "<group>"; };
		C30255561C2267FE00E08A16 /* client_signature.m */ = {isa = PBXFileReference; fileEncoding = 4; lastKnownFileType = sourcecode.c.objc; name = client_signature.m; path = ../client_signature.m; sourceTree = "<group>"; };
		C30624061C2D47E500A02FC9 /* ArticleListTableViewCell.h */ = {isa = PBXFileReference; fileEncoding = 4; lastKnownFileType = sourcecode.c.h; path = ArticleListTableViewCell.h; sourceTree = "<group>"; };
		C30624071C2D47E500A02FC9 /* ArticleListTableViewCell.m */ = {isa = PBXFileReference; fileEncoding = 4; lastKnownFileType = sourcecode.c.objc; path = ArticleListTableViewCell.m; sourceTree = "<group>"; };
		C30624091C2D96AD00A02FC9 /* ArticleListTableViewController.h */ = {isa = PBXFileReference; fileEncoding = 4; lastKnownFileType = sourcecode.c.h; path = ArticleListTableViewController.h; sourceTree = "<group>"; };
		C306240A1C2D96AD00A02FC9 /* ArticleListTableViewController.m */ = {isa = PBXFileReference; fileEncoding = 4; lastKnownFileType = sourcecode.c.objc; path = ArticleListTableViewController.m; sourceTree = "<group>"; };
		C31C95511C32226200140F5D /* BoardListTableViewController.h */ = {isa = PBXFileReference; fileEncoding = 4; lastKnownFileType = sourcecode.c.h; path = BoardListTableViewController.h; sourceTree = "<group>"; };
		C31C95521C32226200140F5D /* BoardListTableViewController.m */ = {isa = PBXFileReference; fileEncoding = 4; lastKnownFileType = sourcecode.c.objc; path = BoardListTableViewController.m; sourceTree = "<group>"; };
		C31CD91B1C23B0E500C7A946 /* MJRefreshAutoFooter.h */ = {isa = PBXFileReference; fileEncoding = 4; lastKnownFileType = sourcecode.c.h; path = MJRefreshAutoFooter.h; sourceTree = "<group>"; };
		C31CD91C1C23B0E500C7A946 /* MJRefreshAutoFooter.m */ = {isa = PBXFileReference; fileEncoding = 4; lastKnownFileType = sourcecode.c.objc; path = MJRefreshAutoFooter.m; sourceTree = "<group>"; };
		C31CD91D1C23B0E500C7A946 /* MJRefreshBackFooter.h */ = {isa = PBXFileReference; fileEncoding = 4; lastKnownFileType = sourcecode.c.h; path = MJRefreshBackFooter.h; sourceTree = "<group>"; };
		C31CD91E1C23B0E500C7A946 /* MJRefreshBackFooter.m */ = {isa = PBXFileReference; fileEncoding = 4; lastKnownFileType = sourcecode.c.objc; path = MJRefreshBackFooter.m; sourceTree = "<group>"; };
		C31CD91F1C23B0E500C7A946 /* MJRefreshComponent.h */ = {isa = PBXFileReference; fileEncoding = 4; lastKnownFileType = sourcecode.c.h; path = MJRefreshComponent.h; sourceTree = "<group>"; };
		C31CD9201C23B0E500C7A946 /* MJRefreshComponent.m */ = {isa = PBXFileReference; fileEncoding = 4; lastKnownFileType = sourcecode.c.objc; path = MJRefreshComponent.m; sourceTree = "<group>"; };
		C31CD9211C23B0E500C7A946 /* MJRefreshFooter.h */ = {isa = PBXFileReference; fileEncoding = 4; lastKnownFileType = sourcecode.c.h; path = MJRefreshFooter.h; sourceTree = "<group>"; };
		C31CD9221C23B0E500C7A946 /* MJRefreshFooter.m */ = {isa = PBXFileReference; fileEncoding = 4; lastKnownFileType = sourcecode.c.objc; path = MJRefreshFooter.m; sourceTree = "<group>"; };
		C31CD9231C23B0E500C7A946 /* MJRefreshHeader.h */ = {isa = PBXFileReference; fileEncoding = 4; lastKnownFileType = sourcecode.c.h; path = MJRefreshHeader.h; sourceTree = "<group>"; };
		C31CD9241C23B0E500C7A946 /* MJRefreshHeader.m */ = {isa = PBXFileReference; fileEncoding = 4; lastKnownFileType = sourcecode.c.objc; path = MJRefreshHeader.m; sourceTree = "<group>"; };
		C31CD9281C23B0E500C7A946 /* MJRefreshAutoGifFooter.h */ = {isa = PBXFileReference; fileEncoding = 4; lastKnownFileType = sourcecode.c.h; path = MJRefreshAutoGifFooter.h; sourceTree = "<group>"; };
		C31CD9291C23B0E500C7A946 /* MJRefreshAutoGifFooter.m */ = {isa = PBXFileReference; fileEncoding = 4; lastKnownFileType = sourcecode.c.objc; path = MJRefreshAutoGifFooter.m; sourceTree = "<group>"; };
		C31CD92A1C23B0E500C7A946 /* MJRefreshAutoNormalFooter.h */ = {isa = PBXFileReference; fileEncoding = 4; lastKnownFileType = sourcecode.c.h; path = MJRefreshAutoNormalFooter.h; sourceTree = "<group>"; };
		C31CD92B1C23B0E500C7A946 /* MJRefreshAutoNormalFooter.m */ = {isa = PBXFileReference; fileEncoding = 4; lastKnownFileType = sourcecode.c.objc; path = MJRefreshAutoNormalFooter.m; sourceTree = "<group>"; };
		C31CD92C1C23B0E500C7A946 /* MJRefreshAutoStateFooter.h */ = {isa = PBXFileReference; fileEncoding = 4; lastKnownFileType = sourcecode.c.h; path = MJRefreshAutoStateFooter.h; sourceTree = "<group>"; };
		C31CD92D1C23B0E500C7A946 /* MJRefreshAutoStateFooter.m */ = {isa = PBXFileReference; fileEncoding = 4; lastKnownFileType = sourcecode.c.objc; path = MJRefreshAutoStateFooter.m; sourceTree = "<group>"; };
		C31CD92F1C23B0E500C7A946 /* MJRefreshBackGifFooter.h */ = {isa = PBXFileReference; fileEncoding = 4; lastKnownFileType = sourcecode.c.h; path = MJRefreshBackGifFooter.h; sourceTree = "<group>"; };
		C31CD9301C23B0E500C7A946 /* MJRefreshBackGifFooter.m */ = {isa = PBXFileReference; fileEncoding = 4; lastKnownFileType = sourcecode.c.objc; path = MJRefreshBackGifFooter.m; sourceTree = "<group>"; };
		C31CD9311C23B0E500C7A946 /* MJRefreshBackNormalFooter.h */ = {isa = PBXFileReference; fileEncoding = 4; lastKnownFileType = sourcecode.c.h; path = MJRefreshBackNormalFooter.h; sourceTree = "<group>"; };
		C31CD9321C23B0E500C7A946 /* MJRefreshBackNormalFooter.m */ = {isa = PBXFileReference; fileEncoding = 4; lastKnownFileType = sourcecode.c.objc; path = MJRefreshBackNormalFooter.m; sourceTree = "<group>"; };
		C31CD9331C23B0E500C7A946 /* MJRefreshBackStateFooter.h */ = {isa = PBXFileReference; fileEncoding = 4; lastKnownFileType = sourcecode.c.h; path = MJRefreshBackStateFooter.h; sourceTree = "<group>"; };
		C31CD9341C23B0E500C7A946 /* MJRefreshBackStateFooter.m */ = {isa = PBXFileReference; fileEncoding = 4; lastKnownFileType = sourcecode.c.objc; path = MJRefreshBackStateFooter.m; sourceTree = "<group>"; };
		C31CD9361C23B0E500C7A946 /* MJRefreshGifHeader.h */ = {isa = PBXFileReference; fileEncoding = 4; lastKnownFileType = sourcecode.c.h; path = MJRefreshGifHeader.h; sourceTree = "<group>"; };
		C31CD9371C23B0E500C7A946 /* MJRefreshGifHeader.m */ = {isa = PBXFileReference; fileEncoding = 4; lastKnownFileType = sourcecode.c.objc; path = MJRefreshGifHeader.m; sourceTree = "<group>"; };
		C31CD9381C23B0E500C7A946 /* MJRefreshNormalHeader.h */ = {isa = PBXFileReference; fileEncoding = 4; lastKnownFileType = sourcecode.c.h; path = MJRefreshNormalHeader.h; sourceTree = "<group>"; };
		C31CD9391C23B0E500C7A946 /* MJRefreshNormalHeader.m */ = {isa = PBXFileReference; fileEncoding = 4; lastKnownFileType = sourcecode.c.objc; path = MJRefreshNormalHeader.m; sourceTree = "<group>"; };
		C31CD93A1C23B0E500C7A946 /* MJRefreshStateHeader.h */ = {isa = PBXFileReference; fileEncoding = 4; lastKnownFileType = sourcecode.c.h; path = MJRefreshStateHeader.h; sourceTree = "<group>"; };
		C31CD93B1C23B0E500C7A946 /* MJRefreshStateHeader.m */ = {isa = PBXFileReference; fileEncoding = 4; lastKnownFileType = sourcecode.c.objc; path = MJRefreshStateHeader.m; sourceTree = "<group>"; };
		C31CD93C1C23B0E500C7A946 /* MJRefresh.bundle */ = {isa = PBXFileReference; lastKnownFileType = "wrapper.plug-in"; path = MJRefresh.bundle; sourceTree = "<group>"; };
		C31CD93D1C23B0E500C7A946 /* MJRefresh.h */ = {isa = PBXFileReference; fileEncoding = 4; lastKnownFileType = sourcecode.c.h; path = MJRefresh.h; sourceTree = "<group>"; };
		C31CD93E1C23B0E500C7A946 /* MJRefreshConst.h */ = {isa = PBXFileReference; fileEncoding = 4; lastKnownFileType = sourcecode.c.h; path = MJRefreshConst.h; sourceTree = "<group>"; };
		C31CD93F1C23B0E500C7A946 /* MJRefreshConst.m */ = {isa = PBXFileReference; fileEncoding = 4; lastKnownFileType = sourcecode.c.objc; path = MJRefreshConst.m; sourceTree = "<group>"; };
		C31CD9401C23B0E500C7A946 /* UIScrollView+MJExtension.h */ = {isa = PBXFileReference; fileEncoding = 4; lastKnownFileType = sourcecode.c.h; path = "UIScrollView+MJExtension.h"; sourceTree = "<group>"; };
		C31CD9411C23B0E500C7A946 /* UIScrollView+MJExtension.m */ = {isa = PBXFileReference; fileEncoding = 4; lastKnownFileType = sourcecode.c.objc; path = "UIScrollView+MJExtension.m"; sourceTree = "<group>"; };
		C31CD9421C23B0E500C7A946 /* UIScrollView+MJRefresh.h */ = {isa = PBXFileReference; fileEncoding = 4; lastKnownFileType = sourcecode.c.h; path = "UIScrollView+MJRefresh.h"; sourceTree = "<group>"; };
		C31CD9431C23B0E500C7A946 /* UIScrollView+MJRefresh.m */ = {isa = PBXFileReference; fileEncoding = 4; lastKnownFileType = sourcecode.c.objc; path = "UIScrollView+MJRefresh.m"; sourceTree = "<group>"; };
		C31CD9441C23B0E500C7A946 /* UIView+MJExtension.h */ = {isa = PBXFileReference; fileEncoding = 4; lastKnownFileType = sourcecode.c.h; path = "UIView+MJExtension.h"; sourceTree = "<group>"; };
		C31CD9451C23B0E500C7A946 /* UIView+MJExtension.m */ = {isa = PBXFileReference; fileEncoding = 4; lastKnownFileType = sourcecode.c.objc; path = "UIView+MJExtension.m"; sourceTree = "<group>"; };
		C31CD9591C25B0B500C7A946 /* ArticleContentTableViewCell.h */ = {isa = PBXFileReference; fileEncoding = 4; lastKnownFileType = sourcecode.c.h; path = ArticleContentTableViewCell.h; sourceTree = "<group>"; };
		C31CD95A1C25B0B500C7A946 /* ArticleContentTableViewCell.m */ = {isa = PBXFileReference; fileEncoding = 4; lastKnownFileType = sourcecode.c.objc; path = ArticleContentTableViewCell.m; sourceTree = "<group>"; };
		C31CD95D1C25B3A100C7A946 /* TTTAttributedLabel.h */ = {isa = PBXFileReference; fileEncoding = 4; lastKnownFileType = sourcecode.c.h; path = TTTAttributedLabel.h; sourceTree = "<group>"; };
		C31CD95E1C25B3A100C7A946 /* TTTAttributedLabel.m */ = {isa = PBXFileReference; fileEncoding = 4; lastKnownFileType = sourcecode.c.objc; path = TTTAttributedLabel.m; sourceTree = "<group>"; };
		C31CD9601C27EE1200C7A946 /* ArticleContentTableViewController.h */ = {isa = PBXFileReference; fileEncoding = 4; lastKnownFileType = sourcecode.c.h; name = ArticleContentTableViewController.h; path = libSMTH/ArticleContentTableViewController.h; sourceTree = "<group>"; };
		C31CD9611C27EE1200C7A946 /* ArticleContentTableViewController.m */ = {isa = PBXFileReference; fileEncoding = 4; lastKnownFileType = sourcecode.c.objc; name = ArticleContentTableViewController.m; path = libSMTH/ArticleContentTableViewController.m; sourceTree = "<group>"; };
		C336C0241C2286FB00467C5F /* HotTableViewController.h */ = {isa = PBXFileReference; fileEncoding = 4; lastKnownFileType = sourcecode.c.h; path = HotTableViewController.h; sourceTree = "<group>"; };
		C336C0251C2286FB00467C5F /* HotTableViewController.m */ = {isa = PBXFileReference; fileEncoding = 4; lastKnownFileType = sourcecode.c.objc; path = HotTableViewController.m; sourceTree = "<group>"; };
		C336C0271C22878200467C5F /* HotTableViewCell.h */ = {isa = PBXFileReference; fileEncoding = 4; lastKnownFileType = sourcecode.c.h; path = HotTableViewCell.h; sourceTree = "<group>"; };
		C336C0281C22878200467C5F /* HotTableViewCell.m */ = {isa = PBXFileReference; fileEncoding = 4; lastKnownFileType = sourcecode.c.objc; path = HotTableViewCell.m; sourceTree = "<group>"; };
		C387A1561BEC90BC00AFC511 /* cSMTH.app */ = {isa = PBXFileReference; explicitFileType = wrapper.application; includeInIndex = 0; path = cSMTH.app; sourceTree = BUILT_PRODUCTS_DIR; };
		C387A15A1BEC90BC00AFC511 /* main.m */ = {isa = PBXFileReference; lastKnownFileType = sourcecode.c.objc; path = main.m; sourceTree = "<group>"; };
		C387A15C1BEC90BC00AFC511 /* AppDelegate.h */ = {isa = PBXFileReference; lastKnownFileType = sourcecode.c.h; path = AppDelegate.h; sourceTree = "<group>"; };
		C387A15D1BEC90BC00AFC511 /* AppDelegate.m */ = {isa = PBXFileReference; lastKnownFileType = sourcecode.c.objc; path = AppDelegate.m; sourceTree = "<group>"; };
		C387A15F1BEC90BC00AFC511 /* ViewController.h */ = {isa = PBXFileReference; lastKnownFileType = sourcecode.c.h; path = ViewController.h; sourceTree = "<group>"; };
		C387A1601BEC90BC00AFC511 /* ViewController.m */ = {isa = PBXFileReference; lastKnownFileType = sourcecode.c.objc; path = ViewController.m; sourceTree = "<group>"; };
		C387A1631BEC90BC00AFC511 /* Base */ = {isa = PBXFileReference; lastKnownFileType = file.storyboard; name = Base; path = Base.lproj/Main.storyboard; sourceTree = "<group>"; };
		C387A1651BEC90BC00AFC511 /* Assets.xcassets */ = {isa = PBXFileReference; lastKnownFileType = folder.assetcatalog; path = Assets.xcassets; sourceTree = "<group>"; };
		C387A1681BEC90BC00AFC511 /* Base */ = {isa = PBXFileReference; lastKnownFileType = file.storyboard; name = Base; path = Base.lproj/LaunchScreen.storyboard; sourceTree = "<group>"; };
		C387A16A1BEC90BC00AFC511 /* Info.plist */ = {isa = PBXFileReference; lastKnownFileType = text.plist.xml; path = Info.plist; sourceTree = "<group>"; };
		C387A16F1BEC90BC00AFC511 /* cSMTHTests.xctest */ = {isa = PBXFileReference; explicitFileType = wrapper.cfbundle; includeInIndex = 0; path = cSMTHTests.xctest; sourceTree = BUILT_PRODUCTS_DIR; };
		C387A1731BEC90BC00AFC511 /* cSMTHTests.m */ = {isa = PBXFileReference; lastKnownFileType = sourcecode.c.objc; path = cSMTHTests.m; sourceTree = "<group>"; };
		C387A1751BEC90BC00AFC511 /* Info.plist */ = {isa = PBXFileReference; lastKnownFileType = text.plist.xml; path = Info.plist; sourceTree = "<group>"; };
		C387A17A1BEC90BC00AFC511 /* cSMTHUITests.xctest */ = {isa = PBXFileReference; explicitFileType = wrapper.cfbundle; includeInIndex = 0; path = cSMTHUITests.xctest; sourceTree = BUILT_PRODUCTS_DIR; };
		C387A17E1BEC90BC00AFC511 /* cSMTHUITests.m */ = {isa = PBXFileReference; lastKnownFileType = sourcecode.c.objc; path = cSMTHUITests.m; sourceTree = "<group>"; };
		C387A1801BEC90BC00AFC511 /* Info.plist */ = {isa = PBXFileReference; lastKnownFileType = text.plist.xml; path = Info.plist; sourceTree = "<group>"; };
		C3F4772F1C20160F0072592C /* LoginViewController.h */ = {isa = PBXFileReference; fileEncoding = 4; lastKnownFileType = sourcecode.c.h; path = LoginViewController.h; sourceTree = "<group>"; };
		C3F477301C20160F0072592C /* LoginViewController.m */ = {isa = PBXFileReference; fileEncoding = 4; lastKnownFileType = sourcecode.c.objc; path = LoginViewController.m; sourceTree = "<group>"; };
/* End PBXFileReference section */

/* Begin PBXFrameworksBuildPhase section */
		C387A1531BEC90BC00AFC511 /* Frameworks */ = {
			isa = PBXFrameworksBuildPhase;
			buildActionMask = 2147483647;
			files = (
				C30255541C2267E300E08A16 /* libSMTH_0.2.3.a in Frameworks */,
			);
			runOnlyForDeploymentPostprocessing = 0;
		};
		C387A16C1BEC90BC00AFC511 /* Frameworks */ = {
			isa = PBXFrameworksBuildPhase;
			buildActionMask = 2147483647;
			files = (
			);
			runOnlyForDeploymentPostprocessing = 0;
		};
		C387A1771BEC90BC00AFC511 /* Frameworks */ = {
			isa = PBXFrameworksBuildPhase;
			buildActionMask = 2147483647;
			files = (
			);
			runOnlyForDeploymentPostprocessing = 0;
		};
/* End PBXFrameworksBuildPhase section */

/* Begin PBXGroup section */
		C30255501C2267E300E08A16 /* libSMTH */ = {
			isa = PBXGroup;
			children = (
				C30255551C2267FE00E08A16 /* client_signature.h */,
				C30255561C2267FE00E08A16 /* client_signature.m */,
				C30255511C2267E300E08A16 /* libSMTH_0.2.3.a */,
				C30255521C2267E300E08A16 /* smth_netop.h */,
				C30255531C2267E300E08A16 /* SMTHURLConnection.h */,
			);
			path = libSMTH;
			sourceTree = "<group>";
		};
		C31CD8D81C229B6600C7A946 /* frameworks */ = {
			isa = PBXGroup;
			children = (
				C31CD95C1C25B3A100C7A946 /* TTTAttributedLabel */,
				C31CD9191C23B0E500C7A946 /* MJRefresh */,
			);
			name = frameworks;
			sourceTree = "<group>";
		};
		C31CD9191C23B0E500C7A946 /* MJRefresh */ = {
			isa = PBXGroup;
			children = (
				C31CD91A1C23B0E500C7A946 /* Base */,
				C31CD9251C23B0E500C7A946 /* Custom */,
				C31CD93C1C23B0E500C7A946 /* MJRefresh.bundle */,
				C31CD93D1C23B0E500C7A946 /* MJRefresh.h */,
				C31CD93E1C23B0E500C7A946 /* MJRefreshConst.h */,
				C31CD93F1C23B0E500C7A946 /* MJRefreshConst.m */,
				C31CD9401C23B0E500C7A946 /* UIScrollView+MJExtension.h */,
				C31CD9411C23B0E500C7A946 /* UIScrollView+MJExtension.m */,
				C31CD9421C23B0E500C7A946 /* UIScrollView+MJRefresh.h */,
				C31CD9431C23B0E500C7A946 /* UIScrollView+MJRefresh.m */,
				C31CD9441C23B0E500C7A946 /* UIView+MJExtension.h */,
				C31CD9451C23B0E500C7A946 /* UIView+MJExtension.m */,
			);
			name = MJRefresh;
			path = ../../../Frameworks/MJRefresh/MJRefresh;
			sourceTree = "<group>";
		};
		C31CD91A1C23B0E500C7A946 /* Base */ = {
			isa = PBXGroup;
			children = (
				C31CD91B1C23B0E500C7A946 /* MJRefreshAutoFooter.h */,
				C31CD91C1C23B0E500C7A946 /* MJRefreshAutoFooter.m */,
				C31CD91D1C23B0E500C7A946 /* MJRefreshBackFooter.h */,
				C31CD91E1C23B0E500C7A946 /* MJRefreshBackFooter.m */,
				C31CD91F1C23B0E500C7A946 /* MJRefreshComponent.h */,
				C31CD9201C23B0E500C7A946 /* MJRefreshComponent.m */,
				C31CD9211C23B0E500C7A946 /* MJRefreshFooter.h */,
				C31CD9221C23B0E500C7A946 /* MJRefreshFooter.m */,
				C31CD9231C23B0E500C7A946 /* MJRefreshHeader.h */,
				C31CD9241C23B0E500C7A946 /* MJRefreshHeader.m */,
			);
			path = Base;
			sourceTree = "<group>";
		};
		C31CD9251C23B0E500C7A946 /* Custom */ = {
			isa = PBXGroup;
			children = (
				C31CD9261C23B0E500C7A946 /* Footer */,
				C31CD9351C23B0E500C7A946 /* Header */,
			);
			path = Custom;
			sourceTree = "<group>";
		};
		C31CD9261C23B0E500C7A946 /* Footer */ = {
			isa = PBXGroup;
			children = (
				C31CD9271C23B0E500C7A946 /* Auto */,
				C31CD92E1C23B0E500C7A946 /* Back */,
			);
			path = Footer;
			sourceTree = "<group>";
		};
		C31CD9271C23B0E500C7A946 /* Auto */ = {
			isa = PBXGroup;
			children = (
				C31CD9281C23B0E500C7A946 /* MJRefreshAutoGifFooter.h */,
				C31CD9291C23B0E500C7A946 /* MJRefreshAutoGifFooter.m */,
				C31CD92A1C23B0E500C7A946 /* MJRefreshAutoNormalFooter.h */,
				C31CD92B1C23B0E500C7A946 /* MJRefreshAutoNormalFooter.m */,
				C31CD92C1C23B0E500C7A946 /* MJRefreshAutoStateFooter.h */,
				C31CD92D1C23B0E500C7A946 /* MJRefreshAutoStateFooter.m */,
			);
			path = Auto;
			sourceTree = "<group>";
		};
		C31CD92E1C23B0E500C7A946 /* Back */ = {
			isa = PBXGroup;
			children = (
				C31CD92F1C23B0E500C7A946 /* MJRefreshBackGifFooter.h */,
				C31CD9301C23B0E500C7A946 /* MJRefreshBackGifFooter.m */,
				C31CD9311C23B0E500C7A946 /* MJRefreshBackNormalFooter.h */,
				C31CD9321C23B0E500C7A946 /* MJRefreshBackNormalFooter.m */,
				C31CD9331C23B0E500C7A946 /* MJRefreshBackStateFooter.h */,
				C31CD9341C23B0E500C7A946 /* MJRefreshBackStateFooter.m */,
			);
			path = Back;
			sourceTree = "<group>";
		};
		C31CD9351C23B0E500C7A946 /* Header */ = {
			isa = PBXGroup;
			children = (
				C31CD9361C23B0E500C7A946 /* MJRefreshGifHeader.h */,
				C31CD9371C23B0E500C7A946 /* MJRefreshGifHeader.m */,
				C31CD9381C23B0E500C7A946 /* MJRefreshNormalHeader.h */,
				C31CD9391C23B0E500C7A946 /* MJRefreshNormalHeader.m */,
				C31CD93A1C23B0E500C7A946 /* MJRefreshStateHeader.h */,
				C31CD93B1C23B0E500C7A946 /* MJRefreshStateHeader.m */,
			);
			path = Header;
			sourceTree = "<group>";
		};
		C31CD95C1C25B3A100C7A946 /* TTTAttributedLabel */ = {
			isa = PBXGroup;
			children = (
				C31CD95D1C25B3A100C7A946 /* TTTAttributedLabel.h */,
				C31CD95E1C25B3A100C7A946 /* TTTAttributedLabel.m */,
			);
			name = TTTAttributedLabel;
			path = ../../../Frameworks/TTTAttributedLabel/TTTAttributedLabel;
			sourceTree = "<group>";
		};
		C336C02A1C22878900467C5F /* TableViewCell */ = {
			isa = PBXGroup;
			children = (
				C336C0271C22878200467C5F /* HotTableViewCell.h */,
				C336C0281C22878200467C5F /* HotTableViewCell.m */,
				C31CD9591C25B0B500C7A946 /* ArticleContentTableViewCell.h */,
				C31CD95A1C25B0B500C7A946 /* ArticleContentTableViewCell.m */,
				C30624061C2D47E500A02FC9 /* ArticleListTableViewCell.h */,
				C30624071C2D47E500A02FC9 /* ArticleListTableViewCell.m */,
			);
			name = TableViewCell;
			sourceTree = "<group>";
		};
		C387A14D1BEC90BC00AFC511 = {
			isa = PBXGroup;
			children = (
				C387A1581BEC90BC00AFC511 /* cSMTH */,
				C387A1721BEC90BC00AFC511 /* cSMTHTests */,
				C387A17D1BEC90BC00AFC511 /* cSMTHUITests */,
				C387A1571BEC90BC00AFC511 /* Products */,
			);
			sourceTree = "<group>";
		};
		C387A1571BEC90BC00AFC511 /* Products */ = {
			isa = PBXGroup;
			children = (
				C387A1561BEC90BC00AFC511 /* cSMTH.app */,
				C387A16F1BEC90BC00AFC511 /* cSMTHTests.xctest */,
				C387A17A1BEC90BC00AFC511 /* cSMTHUITests.xctest */,
			);
			name = Products;
			sourceTree = "<group>";
		};
		C387A1581BEC90BC00AFC511 /* cSMTH */ = {
			isa = PBXGroup;
			children = (
				C31CD8D81C229B6600C7A946 /* frameworks */,
				C30255501C2267E300E08A16 /* libSMTH */,
				C387A15C1BEC90BC00AFC511 /* AppDelegate.h */,
				C387A15D1BEC90BC00AFC511 /* AppDelegate.m */,
				C387A15F1BEC90BC00AFC511 /* ViewController.h */,
				C387A1601BEC90BC00AFC511 /* ViewController.m */,
				C3F4772F1C20160F0072592C /* LoginViewController.h */,
				C3F477301C20160F0072592C /* LoginViewController.m */,
				C336C0241C2286FB00467C5F /* HotTableViewController.h */,
				C336C0251C2286FB00467C5F /* HotTableViewController.m */,
				C31CD9601C27EE1200C7A946 /* ArticleContentTableViewController.h */,
				C31CD9611C27EE1200C7A946 /* ArticleContentTableViewController.m */,
				C30624091C2D96AD00A02FC9 /* ArticleListTableViewController.h */,
				C306240A1C2D96AD00A02FC9 /* ArticleListTableViewController.m */,
				C31C95511C32226200140F5D /* BoardListTableViewController.h */,
				C31C95521C32226200140F5D /* BoardListTableViewController.m */,
				C336C02A1C22878900467C5F /* TableViewCell */,
				C387A1621BEC90BC00AFC511 /* Main.storyboard */,
				C387A1651BEC90BC00AFC511 /* Assets.xcassets */,
				C387A1671BEC90BC00AFC511 /* LaunchScreen.storyboard */,
				C387A16A1BEC90BC00AFC511 /* Info.plist */,
				C387A1591BEC90BC00AFC511 /* Supporting Files */,
			);
			path = cSMTH;
			sourceTree = "<group>";
		};
		C387A1591BEC90BC00AFC511 /* Supporting Files */ = {
			isa = PBXGroup;
			children = (
				C387A15A1BEC90BC00AFC511 /* main.m */,
			);
			name = "Supporting Files";
			sourceTree = "<group>";
		};
		C387A1721BEC90BC00AFC511 /* cSMTHTests */ = {
			isa = PBXGroup;
			children = (
				C387A1731BEC90BC00AFC511 /* cSMTHTests.m */,
				C387A1751BEC90BC00AFC511 /* Info.plist */,
			);
			path = cSMTHTests;
			sourceTree = "<group>";
		};
		C387A17D1BEC90BC00AFC511 /* cSMTHUITests */ = {
			isa = PBXGroup;
			children = (
				C387A17E1BEC90BC00AFC511 /* cSMTHUITests.m */,
				C387A1801BEC90BC00AFC511 /* Info.plist */,
			);
			path = cSMTHUITests;
			sourceTree = "<group>";
		};
/* End PBXGroup section */

/* Begin PBXNativeTarget section */
		C387A1551BEC90BC00AFC511 /* cSMTH */ = {
			isa = PBXNativeTarget;
			buildConfigurationList = C387A1831BEC90BC00AFC511 /* Build configuration list for PBXNativeTarget "cSMTH" */;
			buildPhases = (
				C387A1521BEC90BC00AFC511 /* Sources */,
				C387A1531BEC90BC00AFC511 /* Frameworks */,
				C387A1541BEC90BC00AFC511 /* Resources */,
			);
			buildRules = (
			);
			dependencies = (
			);
			name = cSMTH;
			productName = cSMTH;
			productReference = C387A1561BEC90BC00AFC511 /* cSMTH.app */;
			productType = "com.apple.product-type.application";
		};
		C387A16E1BEC90BC00AFC511 /* cSMTHTests */ = {
			isa = PBXNativeTarget;
			buildConfigurationList = C387A1861BEC90BC00AFC511 /* Build configuration list for PBXNativeTarget "cSMTHTests" */;
			buildPhases = (
				C387A16B1BEC90BC00AFC511 /* Sources */,
				C387A16C1BEC90BC00AFC511 /* Frameworks */,
				C387A16D1BEC90BC00AFC511 /* Resources */,
			);
			buildRules = (
			);
			dependencies = (
				C387A1711BEC90BC00AFC511 /* PBXTargetDependency */,
			);
			name = cSMTHTests;
			productName = cSMTHTests;
			productReference = C387A16F1BEC90BC00AFC511 /* cSMTHTests.xctest */;
			productType = "com.apple.product-type.bundle.unit-test";
		};
		C387A1791BEC90BC00AFC511 /* cSMTHUITests */ = {
			isa = PBXNativeTarget;
			buildConfigurationList = C387A1891BEC90BC00AFC511 /* Build configuration list for PBXNativeTarget "cSMTHUITests" */;
			buildPhases = (
				C387A1761BEC90BC00AFC511 /* Sources */,
				C387A1771BEC90BC00AFC511 /* Frameworks */,
				C387A1781BEC90BC00AFC511 /* Resources */,
			);
			buildRules = (
			);
			dependencies = (
				C387A17C1BEC90BC00AFC511 /* PBXTargetDependency */,
			);
			name = cSMTHUITests;
			productName = cSMTHUITests;
			productReference = C387A17A1BEC90BC00AFC511 /* cSMTHUITests.xctest */;
			productType = "com.apple.product-type.bundle.ui-testing";
		};
/* End PBXNativeTarget section */

/* Begin PBXProject section */
		C387A14E1BEC90BC00AFC511 /* Project object */ = {
			isa = PBXProject;
			attributes = {
				LastUpgradeCheck = 0700;
				ORGANIZATIONNAME = simao;
				TargetAttributes = {
					C387A1551BEC90BC00AFC511 = {
						CreatedOnToolsVersion = 7.0;
						DevelopmentTeam = BAZ324EKY7;
					};
					C387A16E1BEC90BC00AFC511 = {
						CreatedOnToolsVersion = 7.0;
						DevelopmentTeam = BAZ324EKY7;
						TestTargetID = C387A1551BEC90BC00AFC511;
					};
					C387A1791BEC90BC00AFC511 = {
						CreatedOnToolsVersion = 7.0;
						DevelopmentTeam = BAZ324EKY7;
						TestTargetID = C387A1551BEC90BC00AFC511;
					};
				};
			};
			buildConfigurationList = C387A1511BEC90BC00AFC511 /* Build configuration list for PBXProject "cSMTH" */;
			compatibilityVersion = "Xcode 3.2";
			developmentRegion = English;
			hasScannedForEncodings = 0;
			knownRegions = (
				en,
				Base,
			);
			mainGroup = C387A14D1BEC90BC00AFC511;
			productRefGroup = C387A1571BEC90BC00AFC511 /* Products */;
			projectDirPath = "";
			projectRoot = "";
			targets = (
				C387A1551BEC90BC00AFC511 /* cSMTH */,
				C387A16E1BEC90BC00AFC511 /* cSMTHTests */,
				C387A1791BEC90BC00AFC511 /* cSMTHUITests */,
			);
		};
/* End PBXProject section */

/* Begin PBXResourcesBuildPhase section */
		C387A1541BEC90BC00AFC511 /* Resources */ = {
			isa = PBXResourcesBuildPhase;
			buildActionMask = 2147483647;
			files = (
				C387A1691BEC90BC00AFC511 /* LaunchScreen.storyboard in Resources */,
				C387A1661BEC90BC00AFC511 /* Assets.xcassets in Resources */,
				C31CD9541C23B0E500C7A946 /* MJRefresh.bundle in Resources */,
				C387A1641BEC90BC00AFC511 /* Main.storyboard in Resources */,
			);
			runOnlyForDeploymentPostprocessing = 0;
		};
		C387A16D1BEC90BC00AFC511 /* Resources */ = {
			isa = PBXResourcesBuildPhase;
			buildActionMask = 2147483647;
			files = (
			);
			runOnlyForDeploymentPostprocessing = 0;
		};
		C387A1781BEC90BC00AFC511 /* Resources */ = {
			isa = PBXResourcesBuildPhase;
			buildActionMask = 2147483647;
			files = (
			);
			runOnlyForDeploymentPostprocessing = 0;
		};
/* End PBXResourcesBuildPhase section */

/* Begin PBXSourcesBuildPhase section */
		C387A1521BEC90BC00AFC511 /* Sources */ = {
			isa = PBXSourcesBuildPhase;
			buildActionMask = 2147483647;
			files = (
				C31C95531C32226200140F5D /* BoardListTableViewController.m in Sources */,
				C3F477311C20160F0072592C /* LoginViewController.m in Sources */,
				C31CD9491C23B0E500C7A946 /* MJRefreshFooter.m in Sources */,
				C31CD94D1C23B0E500C7A946 /* MJRefreshAutoStateFooter.m in Sources */,
				C387A1611BEC90BC00AFC511 /* ViewController.m in Sources */,
				C30624081C2D47E500A02FC9 /* ArticleListTableViewCell.m in Sources */,
				C31CD9481C23B0E500C7A946 /* MJRefreshComponent.m in Sources */,
				C31CD94B1C23B0E500C7A946 /* MJRefreshAutoGifFooter.m in Sources */,
				C31CD9521C23B0E500C7A946 /* MJRefreshNormalHeader.m in Sources */,
				C306240B1C2D96AD00A02FC9 /* ArticleListTableViewController.m in Sources */,
				C31CD9561C23B0E500C7A946 /* UIScrollView+MJExtension.m in Sources */,
				C31CD95B1C25B0B500C7A946 /* ArticleContentTableViewCell.m in Sources */,
				C31CD94F1C23B0E500C7A946 /* MJRefreshBackNormalFooter.m in Sources */,
				C31CD9551C23B0E500C7A946 /* MJRefreshConst.m in Sources */,
				C31CD94C1C23B0E500C7A946 /* MJRefreshAutoNormalFooter.m in Sources */,
				C31CD9501C23B0E500C7A946 /* MJRefreshBackStateFooter.m in Sources */,
				C387A15E1BEC90BC00AFC511 /* AppDelegate.m in Sources */,
				C336C0291C22878200467C5F /* HotTableViewCell.m in Sources */,
				C31CD9511C23B0E500C7A946 /* MJRefreshGifHeader.m in Sources */,
				C30255571C2267FE00E08A16 /* client_signature.m in Sources */,
				C31CD95F1C25B3A100C7A946 /* TTTAttributedLabel.m in Sources */,
				C31CD9581C23B0E500C7A946 /* UIView+MJExtension.m in Sources */,
				C31CD94A1C23B0E500C7A946 /* MJRefreshHeader.m in Sources */,
				C31CD9621C27EE1200C7A946 /* ArticleContentTableViewController.m in Sources */,
				C387A15B1BEC90BC00AFC511 /* main.m in Sources */,
				C31CD9531C23B0E500C7A946 /* MJRefreshStateHeader.m in Sources */,
				C31CD9471C23B0E500C7A946 /* MJRefreshBackFooter.m in Sources */,
				C31CD9571C23B0E500C7A946 /* UIScrollView+MJRefresh.m in Sources */,
				C31CD9461C23B0E500C7A946 /* MJRefreshAutoFooter.m in Sources */,
				C336C0261C2286FB00467C5F /* HotTableViewController.m in Sources */,
				C31CD94E1C23B0E500C7A946 /* MJRefreshBackGifFooter.m in Sources */,
			);
			runOnlyForDeploymentPostprocessing = 0;
		};
		C387A16B1BEC90BC00AFC511 /* Sources */ = {
			isa = PBXSourcesBuildPhase;
			buildActionMask = 2147483647;
			files = (
				C387A1741BEC90BC00AFC511 /* cSMTHTests.m in Sources */,
			);
			runOnlyForDeploymentPostprocessing = 0;
		};
		C387A1761BEC90BC00AFC511 /* Sources */ = {
			isa = PBXSourcesBuildPhase;
			buildActionMask = 2147483647;
			files = (
				C387A17F1BEC90BC00AFC511 /* cSMTHUITests.m in Sources */,
			);
			runOnlyForDeploymentPostprocessing = 0;
		};
/* End PBXSourcesBuildPhase section */

/* Begin PBXTargetDependency section */
		C387A1711BEC90BC00AFC511 /* PBXTargetDependency */ = {
			isa = PBXTargetDependency;
			target = C387A1551BEC90BC00AFC511 /* cSMTH */;
			targetProxy = C387A1701BEC90BC00AFC511 /* PBXContainerItemProxy */;
		};
		C387A17C1BEC90BC00AFC511 /* PBXTargetDependency */ = {
			isa = PBXTargetDependency;
			target = C387A1551BEC90BC00AFC511 /* cSMTH */;
			targetProxy = C387A17B1BEC90BC00AFC511 /* PBXContainerItemProxy */;
		};
/* End PBXTargetDependency section */

/* Begin PBXVariantGroup section */
		C387A1621BEC90BC00AFC511 /* Main.storyboard */ = {
			isa = PBXVariantGroup;
			children = (
				C387A1631BEC90BC00AFC511 /* Base */,
			);
			name = Main.storyboard;
			sourceTree = "<group>";
		};
		C387A1671BEC90BC00AFC511 /* LaunchScreen.storyboard */ = {
			isa = PBXVariantGroup;
			children = (
				C387A1681BEC90BC00AFC511 /* Base */,
			);
			name = LaunchScreen.storyboard;
			sourceTree = "<group>";
		};
/* End PBXVariantGroup section */

/* Begin XCBuildConfiguration section */
		C387A1811BEC90BC00AFC511 /* Debug */ = {
			isa = XCBuildConfiguration;
			buildSettings = {
				ALWAYS_SEARCH_USER_PATHS = NO;
				CLANG_CXX_LANGUAGE_STANDARD = "gnu++0x";
				CLANG_CXX_LIBRARY = "libc++";
				CLANG_ENABLE_MODULES = YES;
				CLANG_ENABLE_OBJC_ARC = YES;
				CLANG_WARN_BOOL_CONVERSION = YES;
				CLANG_WARN_CONSTANT_CONVERSION = YES;
				CLANG_WARN_DIRECT_OBJC_ISA_USAGE = YES_ERROR;
				CLANG_WARN_EMPTY_BODY = YES;
				CLANG_WARN_ENUM_CONVERSION = YES;
				CLANG_WARN_INT_CONVERSION = YES;
				CLANG_WARN_OBJC_ROOT_CLASS = YES_ERROR;
				CLANG_WARN_UNREACHABLE_CODE = YES;
				CLANG_WARN__DUPLICATE_METHOD_MATCH = YES;
				"CODE_SIGN_IDENTITY[sdk=iphoneos*]" = "iPhone Developer";
				COPY_PHASE_STRIP = NO;
				DEBUG_INFORMATION_FORMAT = dwarf;
				ENABLE_STRICT_OBJC_MSGSEND = YES;
				ENABLE_TESTABILITY = YES;
				GCC_C_LANGUAGE_STANDARD = gnu99;
				GCC_DYNAMIC_NO_PIC = NO;
				GCC_NO_COMMON_BLOCKS = YES;
				GCC_OPTIMIZATION_LEVEL = 0;
				GCC_PREPROCESSOR_DEFINITIONS = (
					"DEBUG=1",
					"$(inherited)",
				);
				GCC_WARN_64_TO_32_BIT_CONVERSION = YES;
				GCC_WARN_ABOUT_RETURN_TYPE = YES_ERROR;
				GCC_WARN_UNDECLARED_SELECTOR = YES;
				GCC_WARN_UNINITIALIZED_AUTOS = YES_AGGRESSIVE;
				GCC_WARN_UNUSED_FUNCTION = YES;
				GCC_WARN_UNUSED_VARIABLE = YES;
				IPHONEOS_DEPLOYMENT_TARGET = 9.0;
				MTL_ENABLE_DEBUG_INFO = YES;
				ONLY_ACTIVE_ARCH = YES;
				SDKROOT = iphoneos;
			};
			name = Debug;
		};
		C387A1821BEC90BC00AFC511 /* Release */ = {
			isa = XCBuildConfiguration;
			buildSettings = {
				ALWAYS_SEARCH_USER_PATHS = NO;
				CLANG_CXX_LANGUAGE_STANDARD = "gnu++0x";
				CLANG_CXX_LIBRARY = "libc++";
				CLANG_ENABLE_MODULES = YES;
				CLANG_ENABLE_OBJC_ARC = YES;
				CLANG_WARN_BOOL_CONVERSION = YES;
				CLANG_WARN_CONSTANT_CONVERSION = YES;
				CLANG_WARN_DIRECT_OBJC_ISA_USAGE = YES_ERROR;
				CLANG_WARN_EMPTY_BODY = YES;
				CLANG_WARN_ENUM_CONVERSION = YES;
				CLANG_WARN_INT_CONVERSION = YES;
				CLANG_WARN_OBJC_ROOT_CLASS = YES_ERROR;
				CLANG_WARN_UNREACHABLE_CODE = YES;
				CLANG_WARN__DUPLICATE_METHOD_MATCH = YES;
				"CODE_SIGN_IDENTITY[sdk=iphoneos*]" = "iPhone Developer";
				COPY_PHASE_STRIP = NO;
				DEBUG_INFORMATION_FORMAT = "dwarf-with-dsym";
				ENABLE_NS_ASSERTIONS = NO;
				ENABLE_STRICT_OBJC_MSGSEND = YES;
				GCC_C_LANGUAGE_STANDARD = gnu99;
				GCC_NO_COMMON_BLOCKS = YES;
				GCC_WARN_64_TO_32_BIT_CONVERSION = YES;
				GCC_WARN_ABOUT_RETURN_TYPE = YES_ERROR;
				GCC_WARN_UNDECLARED_SELECTOR = YES;
				GCC_WARN_UNINITIALIZED_AUTOS = YES_AGGRESSIVE;
				GCC_WARN_UNUSED_FUNCTION = YES;
				GCC_WARN_UNUSED_VARIABLE = YES;
				IPHONEOS_DEPLOYMENT_TARGET = 9.0;
				MTL_ENABLE_DEBUG_INFO = NO;
				SDKROOT = iphoneos;
				VALIDATE_PRODUCT = YES;
			};
			name = Release;
		};
		C387A1841BEC90BC00AFC511 /* Debug */ = {
			isa = XCBuildConfiguration;
			buildSettings = {
				ASSETCATALOG_COMPILER_APPICON_NAME = AppIcon;
				INFOPLIST_FILE = cSMTH/Info.plist;
				LD_RUNPATH_SEARCH_PATHS = "$(inherited) @executable_path/Frameworks";
				LIBRARY_SEARCH_PATHS = (
					"$(inherited)",
					"$(PROJECT_DIR)/cSMTH/libSMTH",
				);
				PRODUCT_BUNDLE_IDENTIFIER = com.dutoe.cSMTH;
				PRODUCT_NAME = "$(TARGET_NAME)";
			};
			name = Debug;
		};
		C387A1851BEC90BC00AFC511 /* Release */ = {
			isa = XCBuildConfiguration;
			buildSettings = {
				ASSETCATALOG_COMPILER_APPICON_NAME = AppIcon;
				INFOPLIST_FILE = cSMTH/Info.plist;
				LD_RUNPATH_SEARCH_PATHS = "$(inherited) @executable_path/Frameworks";
				LIBRARY_SEARCH_PATHS = (
					"$(inherited)",
					"$(PROJECT_DIR)/cSMTH/libSMTH",
				);
				PRODUCT_BUNDLE_IDENTIFIER = com.dutoe.cSMTH;
				PRODUCT_NAME = "$(TARGET_NAME)";
			};
			name = Release;
		};
		C387A1871BEC90BC00AFC511 /* Debug */ = {
			isa = XCBuildConfiguration;
			buildSettings = {
				BUNDLE_LOADER = "$(TEST_HOST)";
				INFOPLIST_FILE = cSMTHTests/Info.plist;
				LD_RUNPATH_SEARCH_PATHS = "$(inherited) @executable_path/Frameworks @loader_path/Frameworks";
				PRODUCT_BUNDLE_IDENTIFIER = com.dutoe.cSMTHTests;
				PRODUCT_NAME = "$(TARGET_NAME)";
				TEST_HOST = "$(BUILT_PRODUCTS_DIR)/cSMTH.app/cSMTH";
			};
			name = Debug;
		};
		C387A1881BEC90BC00AFC511 /* Release */ = {
			isa = XCBuildConfiguration;
			buildSettings = {
				BUNDLE_LOADER = "$(TEST_HOST)";
				INFOPLIST_FILE = cSMTHTests/Info.plist;
				LD_RUNPATH_SEARCH_PATHS = "$(inherited) @executable_path/Frameworks @loader_path/Frameworks";
				PRODUCT_BUNDLE_IDENTIFIER = com.dutoe.cSMTHTests;
				PRODUCT_NAME = "$(TARGET_NAME)";
				TEST_HOST = "$(BUILT_PRODUCTS_DIR)/cSMTH.app/cSMTH";
			};
			name = Release;
		};
		C387A18A1BEC90BC00AFC511 /* Debug */ = {
			isa = XCBuildConfiguration;
			buildSettings = {
				INFOPLIST_FILE = cSMTHUITests/Info.plist;
				LD_RUNPATH_SEARCH_PATHS = "$(inherited) @executable_path/Frameworks @loader_path/Frameworks";
				PRODUCT_BUNDLE_IDENTIFIER = com.dutoe.cSMTHUITests;
				PRODUCT_NAME = "$(TARGET_NAME)";
				TEST_TARGET_NAME = cSMTH;
				USES_XCTRUNNER = YES;
			};
			name = Debug;
		};
		C387A18B1BEC90BC00AFC511 /* Release */ = {
			isa = XCBuildConfiguration;
			buildSettings = {
				INFOPLIST_FILE = cSMTHUITests/Info.plist;
				LD_RUNPATH_SEARCH_PATHS = "$(inherited) @executable_path/Frameworks @loader_path/Frameworks";
				PRODUCT_BUNDLE_IDENTIFIER = com.dutoe.cSMTHUITests;
				PRODUCT_NAME = "$(TARGET_NAME)";
				TEST_TARGET_NAME = cSMTH;
				USES_XCTRUNNER = YES;
			};
			name = Release;
		};
/* End XCBuildConfiguration section */

/* Begin XCConfigurationList section */
		C387A1511BEC90BC00AFC511 /* Build configuration list for PBXProject "cSMTH" */ = {
			isa = XCConfigurationList;
			buildConfigurations = (
				C387A1811BEC90BC00AFC511 /* Debug */,
				C387A1821BEC90BC00AFC511 /* Release */,
			);
			defaultConfigurationIsVisible = 0;
			defaultConfigurationName = Release;
		};
		C387A1831BEC90BC00AFC511 /* Build configuration list for PBXNativeTarget "cSMTH" */ = {
			isa = XCConfigurationList;
			buildConfigurations = (
				C387A1841BEC90BC00AFC511 /* Debug */,
				C387A1851BEC90BC00AFC511 /* Release */,
			);
			defaultConfigurationIsVisible = 0;
			defaultConfigurationName = Release;
		};
		C387A1861BEC90BC00AFC511 /* Build configuration list for PBXNativeTarget "cSMTHTests" */ = {
			isa = XCConfigurationList;
			buildConfigurations = (
				C387A1871BEC90BC00AFC511 /* Debug */,
				C387A1881BEC90BC00AFC511 /* Release */,
			);
			defaultConfigurationIsVisible = 0;
			defaultConfigurationName = Release;
		};
		C387A1891BEC90BC00AFC511 /* Build configuration list for PBXNativeTarget "cSMTHUITests" */ = {
			isa = XCConfigurationList;
			buildConfigurations = (
				C387A18A1BEC90BC00AFC511 /* Debug */,
				C387A18B1BEC90BC00AFC511 /* Release */,
			);
			defaultConfigurationIsVisible = 0;
			defaultConfigurationName = Release;
		};
/* End XCConfigurationList section */
	};
	rootObject = C387A14E1BEC90BC00AFC511 /* Project object */;
}
